
Microsoft Visual Studio Solution File, Format Version 12.00
# Visual Studio Version 16
VisualStudioVersion = 16.0.29215.179
MinimumVisualStudioVersion = 10.0.40219.1
Project("{FAE04EC0-301F-11D3-BF4B-00C04F79EFBC}") = "ReduxPelis.Android", "ReduxPelis\ReduxPelis.Android\ReduxPelis.Android.csproj", "{A50E2479-54D7-4175-AC13-92A7DE72DB6C}"
EndProject
Project("{FAE04EC0-301F-11D3-BF4B-00C04F79EFBC}") = "ReduxPelis.iOS", "ReduxPelis\ReduxPelis.iOS\ReduxPelis.iOS.csproj", "{D3EE5CC8-D5CE-4798-9568-722527694740}"
EndProject
Project("{9A19103F-16F7-4668-BE54-9A1E7A4F7556}") = "ReduxPelis", "ReduxPelis\ReduxPelis\ReduxPelis.csproj", "{041D1AD3-3620-4207-A935-8435CA7539D0}"
EndProject
Project("{2150E333-8FDC-42A3-9474-1A3956D46DE8}") = "1.Application", "1.Application", "{2D1A3969-D9F4-4343-8BB6-9BD37D48DD88}"
EndProject
Project("{2150E333-8FDC-42A3-9474-1A3956D46DE8}") = "2. Tests", "2. Tests", "{D7AEC053-F2C7-45C4-A4A6-FC6E3AFB3EC2}"
EndProject
Project("{FAE04EC0-301F-11D3-BF4B-00C04F79EFBC}") = "ReduxPelis.Tests", "ReduxPelis.Tests\ReduxPelis.Tests.csproj", "{88347C46-4F5D-4880-AE6D-D663A57C8A28}"
EndProject
Global
	GlobalSection(SolutionConfigurationPlatforms) = preSolution
		Debug|Any CPU = Debug|Any CPU
		Debug|iPhone = Debug|iPhone
		Debug|iPhoneSimulator = Debug|iPhoneSimulator
		Release|Any CPU = Release|Any CPU
		Release|iPhone = Release|iPhone
		Release|iPhoneSimulator = Release|iPhoneSimulator
	EndGlobalSection
	GlobalSection(ProjectConfigurationPlatforms) = postSolution
		{A50E2479-54D7-4175-AC13-92A7DE72DB6C}.Debug|Any CPU.ActiveCfg = Debug|Any CPU
		{A50E2479-54D7-4175-AC13-92A7DE72DB6C}.Debug|Any CPU.Build.0 = Debug|Any CPU
		{A50E2479-54D7-4175-AC13-92A7DE72DB6C}.Debug|Any CPU.Deploy.0 = Debug|Any CPU
		{A50E2479-54D7-4175-AC13-92A7DE72DB6C}.Debug|iPhone.ActiveCfg = Debug|Any CPU
		{A50E2479-54D7-4175-AC13-92A7DE72DB6C}.Debug|iPhone.Build.0 = Debug|Any CPU
		{A50E2479-54D7-4175-AC13-92A7DE72DB6C}.Debug|iPhone.Deploy.0 = Debug|Any CPU
		{A50E2479-54D7-4175-AC13-92A7DE72DB6C}.Debug|iPhoneSimulator.ActiveCfg = Debug|Any CPU
		{A50E2479-54D7-4175-AC13-92A7DE72DB6C}.Debug|iPhoneSimulator.Build.0 = Debug|Any CPU
		{A50E2479-54D7-4175-AC13-92A7DE72DB6C}.Debug|iPhoneSimulator.Deploy.0 = Debug|Any CPU
		{A50E2479-54D7-4175-AC13-92A7DE72DB6C}.Release|Any CPU.ActiveCfg = Release|Any CPU
		{A50E2479-54D7-4175-AC13-92A7DE72DB6C}.Release|Any CPU.Build.0 = Release|Any CPU
		{A50E2479-54D7-4175-AC13-92A7DE72DB6C}.Release|Any CPU.Deploy.0 = Release|Any CPU
		{A50E2479-54D7-4175-AC13-92A7DE72DB6C}.Release|iPhone.ActiveCfg = Release|Any CPU
		{A50E2479-54D7-4175-AC13-92A7DE72DB6C}.Release|iPhone.Build.0 = Release|Any CPU
		{A50E2479-54D7-4175-AC13-92A7DE72DB6C}.Release|iPhone.Deploy.0 = Release|Any CPU
		{A50E2479-54D7-4175-AC13-92A7DE72DB6C}.Release|iPhoneSimulator.ActiveCfg = Release|Any CPU
		{A50E2479-54D7-4175-AC13-92A7DE72DB6C}.Release|iPhoneSimulator.Build.0 = Release|Any CPU
		{A50E2479-54D7-4175-AC13-92A7DE72DB6C}.Release|iPhoneSimulator.Deploy.0 = Release|Any CPU
		{D3EE5CC8-D5CE-4798-9568-722527694740}.Debug|Any CPU.ActiveCfg = Debug|iPhoneSimulator
		{D3EE5CC8-D5CE-4798-9568-722527694740}.Debug|Any CPU.Build.0 = Debug|iPhoneSimulator
		{D3EE5CC8-D5CE-4798-9568-722527694740}.Debug|Any CPU.Deploy.0 = Debug|iPhoneSimulator
		{D3EE5CC8-D5CE-4798-9568-722527694740}.Debug|iPhone.ActiveCfg = Debug|iPhone
		{D3EE5CC8-D5CE-4798-9568-722527694740}.Debug|iPhone.Build.0 = Debug|iPhone
		{D3EE5CC8-D5CE-4798-9568-722527694740}.Debug|iPhone.Deploy.0 = Debug|iPhone
		{D3EE5CC8-D5CE-4798-9568-722527694740}.Debug|iPhoneSimulator.ActiveCfg = Debug|iPhoneSimulator
		{D3EE5CC8-D5CE-4798-9568-722527694740}.Debug|iPhoneSimulator.Build.0 = Debug|iPhoneSimulator
		{D3EE5CC8-D5CE-4798-9568-722527694740}.Debug|iPhoneSimulator.Deploy.0 = Debug|iPhoneSimulator
		{D3EE5CC8-D5CE-4798-9568-722527694740}.Release|Any CPU.ActiveCfg = Release|iPhone
		{D3EE5CC8-D5CE-4798-9568-722527694740}.Release|Any CPU.Build.0 = Release|iPhone
		{D3EE5CC8-D5CE-4798-9568-722527694740}.Release|Any CPU.Deploy.0 = Release|iPhone
		{D3EE5CC8-D5CE-4798-9568-722527694740}.Release|iPhone.ActiveCfg = Release|iPhone
		{D3EE5CC8-D5CE-4798-9568-722527694740}.Release|iPhone.Build.0 = Release|iPhone
		{D3EE5CC8-D5CE-4798-9568-722527694740}.Release|iPhone.Deploy.0 = Release|iPhone
		{D3EE5CC8-D5CE-4798-9568-722527694740}.Release|iPhoneSimulator.ActiveCfg = Release|iPhoneSimulator
		{D3EE5CC8-D5CE-4798-9568-722527694740}.Release|iPhoneSimulator.Build.0 = Release|iPhoneSimulator
		{D3EE5CC8-D5CE-4798-9568-722527694740}.Release|iPhoneSimulator.Deploy.0 = Release|iPhoneSimulator
		{041D1AD3-3620-4207-A935-8435CA7539D0}.Debug|Any CPU.ActiveCfg = Debug|Any CPU
		{041D1AD3-3620-4207-A935-8435CA7539D0}.Debug|Any CPU.Build.0 = Debug|Any CPU
		{041D1AD3-3620-4207-A935-8435CA7539D0}.Debug|Any CPU.Deploy.0 = Debug|Any CPU
		{041D1AD3-3620-4207-A935-8435CA7539D0}.Debug|iPhone.ActiveCfg = Debug|Any CPU
		{041D1AD3-3620-4207-A935-8435CA7539D0}.Debug|iPhone.Build.0 = Debug|Any CPU
		{041D1AD3-3620-4207-A935-8435CA7539D0}.Debug|iPhone.Deploy.0 = Debug|Any CPU
		{041D1AD3-3620-4207-A935-8435CA7539D0}.Debug|iPhoneSimulator.ActiveCfg = Debug|Any CPU
		{041D1AD3-3620-4207-A935-8435CA7539D0}.Debug|iPhoneSimulator.Build.0 = Debug|Any CPU
		{041D1AD3-3620-4207-A935-8435CA7539D0}.Debug|iPhoneSimulator.Deploy.0 = Debug|Any CPU
		{041D1AD3-3620-4207-A935-8435CA7539D0}.Release|Any CPU.ActiveCfg = Release|Any CPU
		{041D1AD3-3620-4207-A935-8435CA7539D0}.Release|Any CPU.Build.0 = Release|Any CPU
		{041D1AD3-3620-4207-A935-8435CA7539D0}.Release|Any CPU.Deploy.0 = Release|Any CPU
		{041D1AD3-3620-4207-A935-8435CA7539D0}.Release|iPhone.ActiveCfg = Release|Any CPU
		{041D1AD3-3620-4207-A935-8435CA7539D0}.Release|iPhone.Build.0 = Release|Any CPU
		{041D1AD3-3620-4207-A935-8435CA7539D0}.Release|iPhone.Deploy.0 = Release|Any CPU
		{041D1AD3-3620-4207-A935-8435CA7539D0}.Release|iPhoneSimulator.ActiveCfg = Release|Any CPU
		{041D1AD3-3620-4207-A935-8435CA7539D0}.Release|iPhoneSimulator.Build.0 = Release|Any CPU
		{041D1AD3-3620-4207-A935-8435CA7539D0}.Release|iPhoneSimulator.Deploy.0 = Release|Any CPU
		{88347C46-4F5D-4880-AE6D-D663A57C8A28}.Debug|Any CPU.ActiveCfg = Debug|Any CPU
		{88347C46-4F5D-4880-AE6D-D663A57C8A28}.Debug|Any CPU.Build.0 = Debug|Any CPU
		{88347C46-4F5D-4880-AE6D-D663A57C8A28}.Debug|iPhone.ActiveCfg = Debug|Any CPU
		{88347C46-4F5D-4880-AE6D-D663A57C8A28}.Debug|iPhone.Build.0 = Debug|Any CPU
		{88347C46-4F5D-4880-AE6D-D663A57C8A28}.Debug|iPhoneSimulator.ActiveCfg = Debug|Any CPU
		{88347C46-4F5D-4880-AE6D-D663A57C8A28}.Debug|iPhoneSimulator.Build.0 = Debug|Any CPU
		{88347C46-4F5D-4880-AE6D-D663A57C8A28}.Release|Any CPU.ActiveCfg = Release|Any CPU
		{88347C46-4F5D-4880-AE6D-D663A57C8A28}.Release|Any CPU.Build.0 = Release|Any CPU
		{88347C46-4F5D-4880-AE6D-D663A57C8A28}.Release|iPhone.ActiveCfg = Release|Any CPU
		{88347C46-4F5D-4880-AE6D-D663A57C8A28}.Release|iPhone.Build.0 = Release|Any CPU
		{88347C46-4F5D-4880-AE6D-D663A57C8A28}.Release|iPhoneSimulator.ActiveCfg = Release|Any CPU
		{88347C46-4F5D-4880-AE6D-D663A57C8A28}.Release|iPhoneSimulator.Build.0 = Release|Any CPU
	EndGlobalSection
	GlobalSection(SolutionProperties) = preSolution
		HideSolutionNode = FALSE
	EndGlobalSection
	GlobalSection(NestedProjects) = preSolution
		{A50E2479-54D7-4175-AC13-92A7DE72DB6C} = {2D1A3969-D9F4-4343-8BB6-9BD37D48DD88}
		{D3EE5CC8-D5CE-4798-9568-722527694740} = {2D1A3969-D9F4-4343-8BB6-9BD37D48DD88}
		{041D1AD3-3620-4207-A935-8435CA7539D0} = {2D1A3969-D9F4-4343-8BB6-9BD37D48DD88}
		{88347C46-4F5D-4880-AE6D-D663A57C8A28} = {D7AEC053-F2C7-45C4-A4A6-FC6E3AFB3EC2}
	EndGlobalSection
	GlobalSection(ExtensibilityGlobals) = postSolution
		SolutionGuid = {F1E6CB21-1A2C-4FC8-AF55-D831C13D1AE5}
	EndGlobalSection
EndGlobal
